// !$*UTF8*$!
{
	archiveVersion = 1;
	classes = {
	};
	objectVersion = 46;
	objects = {

/* Begin PBXBuildFile section */
		B8949B771AC5F76B0005E8B8 /* main.m in Sources */ = {isa = PBXBuildFile; fileRef = B8949B761AC5F76B0005E8B8 /* main.m */; };
		B8949B7A1AC5F76B0005E8B8 /* AppDelegate.m in Sources */ = {isa = PBXBuildFile; fileRef = B8949B791AC5F76B0005E8B8 /* AppDelegate.m */; };
		B8949B7D1AC5F76B0005E8B8 /* tipcalculator.xcdatamodeld in Sources */ = {isa = PBXBuildFile; fileRef = B8949B7B1AC5F76B0005E8B8 /* tipcalculator.xcdatamodeld */; };
		B8949B801AC5F76B0005E8B8 /* ViewController.m in Sources */ = {isa = PBXBuildFile; fileRef = B8949B7F1AC5F76B0005E8B8 /* ViewController.m */; };
		B8949B831AC5F76B0005E8B8 /* Main.storyboard in Resources */ = {isa = PBXBuildFile; fileRef = B8949B811AC5F76B0005E8B8 /* Main.storyboard */; };
		B8949B851AC5F76B0005E8B8 /* Images.xcassets in Resources */ = {isa = PBXBuildFile; fileRef = B8949B841AC5F76B0005E8B8 /* Images.xcassets */; };
		B8949B881AC5F76B0005E8B8 /* LaunchScreen.xib in Resources */ = {isa = PBXBuildFile; fileRef = B8949B861AC5F76B0005E8B8 /* LaunchScreen.xib */; };
		B8949B941AC5F76B0005E8B8 /* tipcalculatorTests.m in Sources */ = {isa = PBXBuildFile; fileRef = B8949B931AC5F76B0005E8B8 /* tipcalculatorTests.m */; };
		B8949B9E1AC5F7A40005E8B8 /* TipViewController.m in Sources */ = {isa = PBXBuildFile; fileRef = B8949B9D1AC5F7A40005E8B8 /* TipViewController.m */; };
		B8949BA11AC5F7EB0005E8B8 /* TipViewController.xib in Resources */ = {isa = PBXBuildFile; fileRef = B8949BA01AC5F7EB0005E8B8 /* TipViewController.xib */; };
		B8949BA31AC66B010005E8B8 /* SettingsViewController.m in Sources */ = {isa = PBXBuildFile; fileRef = B8949BA21AC66B010005E8B8 /* SettingsViewController.m */; };
		B8949BA61AC66B2C0005E8B8 /* SettingsViewController.xib in Resources */ = {isa = PBXBuildFile; fileRef = B8949BA51AC66B2C0005E8B8 /* SettingsViewController.xib */; };
/* End PBXBuildFile section */

/* Begin PBXContainerItemProxy section */
		B8949B8E1AC5F76B0005E8B8 /* PBXContainerItemProxy */ = {
			isa = PBXContainerItemProxy;
			containerPortal = B8949B691AC5F76B0005E8B8 /* Project object */;
			proxyType = 1;
			remoteGlobalIDString = B8949B701AC5F76B0005E8B8;
			remoteInfo = tipcalculator;
		};
/* End PBXContainerItemProxy section */

/* Begin PBXFileReference section */
		B8949B711AC5F76B0005E8B8 /* tipcalculator.app */ = {isa = PBXFileReference; explicitFileType = wrapper.application; includeInIndex = 0; path = tipcalculator.app; sourceTree = BUILT_PRODUCTS_DIR; };
		B8949B751AC5F76B0005E8B8 /* Info.plist */ = {isa = PBXFileReference; lastKnownFileType = text.plist.xml; path = Info.plist; sourceTree = "<group>"; };
		B8949B761AC5F76B0005E8B8 /* main.m */ = {isa = PBXFileReference; lastKnownFileType = sourcecode.c.objc; path = main.m; sourceTree = "<group>"; };
		B8949B781AC5F76B0005E8B8 /* AppDelegate.h */ = {isa = PBXFileReference; lastKnownFileType = sourcecode.c.h; path = AppDelegate.h; sourceTree = "<group>"; };
		B8949B791AC5F76B0005E8B8 /* AppDelegate.m */ = {isa = PBXFileReference; lastKnownFileType = sourcecode.c.objc; path = AppDelegate.m; sourceTree = "<group>"; };
		B8949B7C1AC5F76B0005E8B8 /* tipcalculator.xcdatamodel */ = {isa = PBXFileReference; lastKnownFileType = wrapper.xcdatamodel; path = tipcalculator.xcdatamodel; sourceTree = "<group>"; };
		B8949B7E1AC5F76B0005E8B8 /* ViewController.h */ = {isa = PBXFileReference; lastKnownFileType = sourcecode.c.h; path = ViewController.h; sourceTree = "<group>"; };
		B8949B7F1AC5F76B0005E8B8 /* ViewController.m */ = {isa = PBXFileReference; lastKnownFileType = sourcecode.c.objc; path = ViewController.m; sourceTree = "<group>"; };
		B8949B821AC5F76B0005E8B8 /* Base */ = {isa = PBXFileReference; lastKnownFileType = file.storyboard; name = Base; path = Base.lproj/Main.storyboard; sourceTree = "<group>"; };
		B8949B841AC5F76B0005E8B8 /* Images.xcassets */ = {isa = PBXFileReference; lastKnownFileType = folder.assetcatalog; path = Images.xcassets; sourceTree = "<group>"; };
		B8949B871AC5F76B0005E8B8 /* Base */ = {isa = PBXFileReference; lastKnownFileType = file.xib; name = Base; path = Base.lproj/LaunchScreen.xib; sourceTree = "<group>"; };
		B8949B8D1AC5F76B0005E8B8 /* tipcalculatorTests.xctest */ = {isa = PBXFileReference; explicitFileType = wrapper.cfbundle; includeInIndex = 0; path = tipcalculatorTests.xctest; sourceTree = BUILT_PRODUCTS_DIR; };
		B8949B921AC5F76B0005E8B8 /* Info.plist */ = {isa = PBXFileReference; lastKnownFileType = text.plist.xml; path = Info.plist; sourceTree = "<group>"; };
		B8949B931AC5F76B0005E8B8 /* tipcalculatorTests.m */ = {isa = PBXFileReference; lastKnownFileType = sourcecode.c.objc; path = tipcalculatorTests.m; sourceTree = "<group>"; };
		B8949B9D1AC5F7A40005E8B8 /* TipViewController.m */ = {isa = PBXFileReference; fileEncoding = 4; lastKnownFileType = sourcecode.c.objc; path = TipViewController.m; sourceTree = "<group>"; };
		B8949B9F1AC5F7C90005E8B8 /* TipViewController.h */ = {isa = PBXFileReference; lastKnownFileType = sourcecode.c.h; path = TipViewController.h; sourceTree = "<group>"; };
		B8949BA01AC5F7EB0005E8B8 /* TipViewController.xib */ = {isa = PBXFileReference; fileEncoding = 4; lastKnownFileType = file.xib; path = TipViewController.xib; sourceTree = "<group>"; };
		B8949BA21AC66B010005E8B8 /* SettingsViewController.m */ = {isa = PBXFileReference; fileEncoding = 4; lastKnownFileType = sourcecode.c.objc; path = SettingsViewController.m; sourceTree = "<group>"; };
		B8949BA41AC66B160005E8B8 /* SettingsViewController.h */ = {isa = PBXFileReference; lastKnownFileType = sourcecode.c.h; path = SettingsViewController.h; sourceTree = "<group>"; };
		B8949BA51AC66B2C0005E8B8 /* SettingsViewController.xib */ = {isa = PBXFileReference; fileEncoding = 4; lastKnownFileType = file.xib; path = SettingsViewController.xib; sourceTree = "<group>"; };
/* End PBXFileReference section */

/* Begin PBXFrameworksBuildPhase section */
		B8949B6E1AC5F76B0005E8B8 /* Frameworks */ = {
			isa = PBXFrameworksBuildPhase;
			buildActionMask = 2147483647;
			files = (
			);
			runOnlyForDeploymentPostprocessing = 0;
		};
		B8949B8A1AC5F76B0005E8B8 /* Frameworks */ = {
			isa = PBXFrameworksBuildPhase;
			buildActionMask = 2147483647;
			files = (
			);
			runOnlyForDeploymentPostprocessing = 0;
		};
/* End PBXFrameworksBuildPhase section */

/* Begin PBXGroup section */
		B8949B681AC5F76B0005E8B8 = {
			isa = PBXGroup;
			children = (
				B8949B731AC5F76B0005E8B8 /* tipcalculator */,
				B8949B901AC5F76B0005E8B8 /* tipcalculatorTests */,
				B8949B721AC5F76B0005E8B8 /* Products */,
			);
			sourceTree = "<group>";
		};
		B8949B721AC5F76B0005E8B8 /* Products */ = {
			isa = PBXGroup;
			children = (
				B8949B711AC5F76B0005E8B8 /* tipcalculator.app */,
				B8949B8D1AC5F76B0005E8B8 /* tipcalculatorTests.xctest */,
			);
			name = Products;
			sourceTree = "<group>";
		};
		B8949B731AC5F76B0005E8B8 /* tipcalculator */ = {
			isa = PBXGroup;
			children = (
				B8949B781AC5F76B0005E8B8 /* AppDelegate.h */,
				B8949B791AC5F76B0005E8B8 /* AppDelegate.m */,
				B8949B7E1AC5F76B0005E8B8 /* ViewController.h */,
				B8949B7F1AC5F76B0005E8B8 /* ViewController.m */,
				B8949B811AC5F76B0005E8B8 /* Main.storyboard */,
				B8949B841AC5F76B0005E8B8 /* Images.xcassets */,
				B8949B861AC5F76B0005E8B8 /* LaunchScreen.xib */,
				B8949B7B1AC5F76B0005E8B8 /* tipcalculator.xcdatamodeld */,
				B8949B741AC5F76B0005E8B8 /* Supporting Files */,
				B8949B9D1AC5F7A40005E8B8 /* TipViewController.m */,
				B8949B9F1AC5F7C90005E8B8 /* TipViewController.h */,
				B8949BA01AC5F7EB0005E8B8 /* TipViewController.xib */,
				B8949BA21AC66B010005E8B8 /* SettingsViewController.m */,
				B8949BA41AC66B160005E8B8 /* SettingsViewController.h */,
				B8949BA51AC66B2C0005E8B8 /* SettingsViewController.xib */,
			);
			path = tipcalculator;
			sourceTree = "<group>";
		};
		B8949B741AC5F76B0005E8B8 /* Supporting Files */ = {
			isa = PBXGroup;
			children = (
				B8949B751AC5F76B0005E8B8 /* Info.plist */,
				B8949B761AC5F76B0005E8B8 /* main.m */,
			);
			name = "Supporting Files";
			sourceTree = "<group>";
		};
		B8949B901AC5F76B0005E8B8 /* tipcalculatorTests */ = {
			isa = PBXGroup;
			children = (
				B8949B931AC5F76B0005E8B8 /* tipcalculatorTests.m */,
				B8949B911AC5F76B0005E8B8 /* Supporting Files */,
			);
			path = tipcalculatorTests;
			sourceTree = "<group>";
		};
		B8949B911AC5F76B0005E8B8 /* Supporting Files */ = {
			isa = PBXGroup;
			children = (
				B8949B921AC5F76B0005E8B8 /* Info.plist */,
			);
			name = "Supporting Files";
			sourceTree = "<group>";
		};
/* End PBXGroup section */

/* Begin PBXNativeTarget section */
		B8949B701AC5F76B0005E8B8 /* tipcalculator */ = {
			isa = PBXNativeTarget;
			buildConfigurationList = B8949B971AC5F76B0005E8B8 /* Build configuration list for PBXNativeTarget "tipcalculator" */;
			buildPhases = (
				B8949B6D1AC5F76B0005E8B8 /* Sources */,
				B8949B6E1AC5F76B0005E8B8 /* Frameworks */,
				B8949B6F1AC5F76B0005E8B8 /* Resources */,
			);
			buildRules = (
			);
			dependencies = (
			);
			name = tipcalculator;
			productName = tipcalculator;
			productReference = B8949B711AC5F76B0005E8B8 /* tipcalculator.app */;
			productType = "com.apple.product-type.application";
		};
		B8949B8C1AC5F76B0005E8B8 /* tipcalculatorTests */ = {
			isa = PBXNativeTarget;
			buildConfigurationList = B8949B9A1AC5F76B0005E8B8 /* Build configuration list for PBXNativeTarget "tipcalculatorTests" */;
			buildPhases = (
				B8949B891AC5F76B0005E8B8 /* Sources */,
				B8949B8A1AC5F76B0005E8B8 /* Frameworks */,
				B8949B8B1AC5F76B0005E8B8 /* Resources */,
			);
			buildRules = (
			);
			dependencies = (
				B8949B8F1AC5F76B0005E8B8 /* PBXTargetDependency */,
			);
			name = tipcalculatorTests;
			productName = tipcalculatorTests;
			productReference = B8949B8D1AC5F76B0005E8B8 /* tipcalculatorTests.xctest */;
			productType = "com.apple.product-type.bundle.unit-test";
		};
/* End PBXNativeTarget section */

/* Begin PBXProject section */
		B8949B691AC5F76B0005E8B8 /* Project object */ = {
			isa = PBXProject;
			attributes = {
				LastUpgradeCheck = 0620;
				ORGANIZATIONNAME = Janki;
				TargetAttributes = {
					B8949B701AC5F76B0005E8B8 = {
						CreatedOnToolsVersion = 6.2;
					};
					B8949B8C1AC5F76B0005E8B8 = {
						CreatedOnToolsVersion = 6.2;
						TestTargetID = B8949B701AC5F76B0005E8B8;
					};
				};
			};
			buildConfigurationList = B8949B6C1AC5F76B0005E8B8 /* Build configuration list for PBXProject "tipcalculator" */;
			compatibilityVersion = "Xcode 3.2";
			developmentRegion = English;
			hasScannedForEncodings = 0;
			knownRegions = (
				en,
				Base,
			);
			mainGroup = B8949B681AC5F76B0005E8B8;
			productRefGroup = B8949B721AC5F76B0005E8B8 /* Products */;
			projectDirPath = "";
			projectRoot = "";
			targets = (
				B8949B701AC5F76B0005E8B8 /* tipcalculator */,
				B8949B8C1AC5F76B0005E8B8 /* tipcalculatorTests */,
			);
		};
/* End PBXProject section */

/* Begin PBXResourcesBuildPhase section */
		B8949B6F1AC5F76B0005E8B8 /* Resources */ = {
			isa = PBXResourcesBuildPhase;
			buildActionMask = 2147483647;
			files = (
				B8949B831AC5F76B0005E8B8 /* Main.storyboard in Resources */,
				B8949B881AC5F76B0005E8B8 /* LaunchScreen.xib in Resources */,
				B8949BA11AC5F7EB0005E8B8 /* TipViewController.xib in Resources */,
				B8949B851AC5F76B0005E8B8 /* Images.xcassets in Resources */,
				B8949BA61AC66B2C0005E8B8 /* SettingsViewController.xib in Resources */,
			);
			runOnlyForDeploymentPostprocessing = 0;
		};
		B8949B8B1AC5F76B0005E8B8 /* Resources */ = {
			isa = PBXResourcesBuildPhase;
			buildActionMask = 2147483647;
			files = (
			);
			runOnlyForDeploymentPostprocessing = 0;
		};
/* End PBXResourcesBuildPhase section */

/* Begin PBXSourcesBuildPhase section */
		B8949B6D1AC5F76B0005E8B8 /* Sources */ = {
			isa = PBXSourcesBuildPhase;
			buildActionMask = 2147483647;
			files = (
				B8949B9E1AC5F7A40005E8B8 /* TipViewController.m in Sources */,
				B8949B7A1AC5F76B0005E8B8 /* AppDelegate.m in Sources */,
				B8949B771AC5F76B0005E8B8 /* main.m in Sources */,
				B8949BA31AC66B010005E8B8 /* SettingsViewController.m in Sources */,
				B8949B801AC5F76B0005E8B8 /* ViewController.m in Sources */,
				B8949B7D1AC5F76B0005E8B8 /* tipcalculator.xcdatamodeld in Sources */,
			);
			runOnlyForDeploymentPostprocessing = 0;
		};
		B8949B891AC5F76B0005E8B8 /* Sources */ = {
			isa = PBXSourcesBuildPhase;
			buildActionMask = 2147483647;
			files = (
				B8949B941AC5F76B0005E8B8 /* tipcalculatorTests.m in Sources */,
			);
			runOnlyForDeploymentPostprocessing = 0;
		};
/* End PBXSourcesBuildPhase section */

/* Begin PBXTargetDependency section */
		B8949B8F1AC5F76B0005E8B8 /* PBXTargetDependency */ = {
			isa = PBXTargetDependency;
			target = B8949B701AC5F76B0005E8B8 /* tipcalculator */;
			targetProxy = B8949B8E1AC5F76B0005E8B8 /* PBXContainerItemProxy */;
		};
/* End PBXTargetDependency section */

/* Begin PBXVariantGroup section */
		B8949B811AC5F76B0005E8B8 /* Main.storyboard */ = {
			isa = PBXVariantGroup;
			children = (
				B8949B821AC5F76B0005E8B8 /* Base */,
			);
			name = Main.storyboard;
			sourceTree = "<group>";
		};
		B8949B861AC5F76B0005E8B8 /* LaunchScreen.xib */ = {
			isa = PBXVariantGroup;
			children = (
				B8949B871AC5F76B0005E8B8 /* Base */,
			);
			name = LaunchScreen.xib;
			sourceTree = "<group>";
		};
/* End PBXVariantGroup section */

/* Begin XCBuildConfiguration section */
		B8949B951AC5F76B0005E8B8 /* Debug */ = {
			isa = XCBuildConfiguration;
			buildSettings = {
				ALWAYS_SEARCH_USER_PATHS = NO;
				CLANG_CXX_LANGUAGE_STANDARD = "gnu++0x";
				CLANG_CXX_LIBRARY = "libc++";
				CLANG_ENABLE_MODULES = YES;
				CLANG_ENABLE_OBJC_ARC = YES;
				CLANG_WARN_BOOL_CONVERSION = YES;
				CLANG_WARN_CONSTANT_CONVERSION = YES;
				CLANG_WARN_DIRECT_OBJC_ISA_USAGE = YES_ERROR;
				CLANG_WARN_EMPTY_BODY = YES;
				CLANG_WARN_ENUM_CONVERSION = YES;
				CLANG_WARN_INT_CONVERSION = YES;
				CLANG_WARN_OBJC_ROOT_CLASS = YES_ERROR;
				CLANG_WARN_UNREACHABLE_CODE = YES;
				CLANG_WARN__DUPLICATE_METHOD_MATCH = YES;
				"CODE_SIGN_IDENTITY[sdk=iphoneos*]" = "iPhone Developer";
				COPY_PHASE_STRIP = NO;
				ENABLE_STRICT_OBJC_MSGSEND = YES;
				GCC_C_LANGUAGE_STANDARD = gnu99;
				GCC_DYNAMIC_NO_PIC = NO;
				GCC_OPTIMIZATION_LEVEL = 0;
				GCC_PREPROCESSOR_DEFINITIONS = (
					"DEBUG=1",
					"$(inherited)",
				);
				GCC_SYMBOLS_PRIVATE_EXTERN = NO;
				GCC_WARN_64_TO_32_BIT_CONVERSION = YES;
				GCC_WARN_ABOUT_RETURN_TYPE = YES_ERROR;
				GCC_WARN_UNDECLARED_SELECTOR = YES;
				GCC_WARN_UNINITIALIZED_AUTOS = YES_AGGRESSIVE;
				GCC_WARN_UNUSED_FUNCTION = YES;
				GCC_WARN_UNUSED_VARIABLE = YES;
				IPHONEOS_DEPLOYMENT_TARGET = 8.2;
				MTL_ENABLE_DEBUG_INFO = YES;
				ONLY_ACTIVE_ARCH = YES;
				SDKROOT = iphoneos;
				TARGETED_DEVICE_FAMILY = "1,2";
			};
			name = Debug;
		};
		B8949B961AC5F76B0005E8B8 /* Release */ = {
			isa = XCBuildConfiguration;
			buildSettings = {
				ALWAYS_SEARCH_USER_PATHS = NO;
				CLANG_CXX_LANGUAGE_STANDARD = "gnu++0x";
				CLANG_CXX_LIBRARY = "libc++";
				CLANG_ENABLE_MODULES = YES;
				CLANG_ENABLE_OBJC_ARC = YES;
				CLANG_WARN_BOOL_CONVERSION = YES;
				CLANG_WARN_CONSTANT_CONVERSION = YES;
				CLANG_WARN_DIRECT_OBJC_ISA_USAGE = YES_ERROR;
				CLANG_WARN_EMPTY_BODY = YES;
				CLANG_WARN_ENUM_CONVERSION = YES;
				CLANG_WARN_INT_CONVERSION = YES;
				CLANG_WARN_OBJC_ROOT_CLASS = YES_ERROR;
				CLANG_WARN_UNREACHABLE_CODE = YES;
				CLANG_WARN__DUPLICATE_METHOD_MATCH = YES;
				"CODE_SIGN_IDENTITY[sdk=iphoneos*]" = "iPhone Developer";
				COPY_PHASE_STRIP = NO;
				ENABLE_NS_ASSERTIONS = NO;
				ENABLE_STRICT_OBJC_MSGSEND = YES;
				GCC_C_LANGUAGE_STANDARD = gnu99;
				GCC_WARN_64_TO_32_BIT_CONVERSION = YES;
				GCC_WARN_ABOUT_RETURN_TYPE = YES_ERROR;
				GCC_WARN_UNDECLARED_SELECTOR = YES;
				GCC_WARN_UNINITIALIZED_AUTOS = YES_AGGRESSIVE;
				GCC_WARN_UNUSED_FUNCTION = YES;
				GCC_WARN_UNUSED_VARIABLE = YES;
				IPHONEOS_DEPLOYMENT_TARGET = 8.2;
				MTL_ENABLE_DEBUG_INFO = NO;
				SDKROOT = iphoneos;
				TARGETED_DEVICE_FAMILY = "1,2";
				VALIDATE_PRODUCT = YES;
			};
			name = Release;
		};
		B8949B981AC5F76B0005E8B8 /* Debug */ = {
			isa = XCBuildConfiguration;
			buildSettings = {
				ASSETCATALOG_COMPILER_APPICON_NAME = AppIcon;
				INFOPLIST_FILE = tipcalculator/Info.plist;
				LD_RUNPATH_SEARCH_PATHS = "$(inherited) @executable_path/Frameworks";
				PRODUCT_NAME = "$(TARGET_NAME)";
			};
			name = Debug;
		};
		B8949B991AC5F76B0005E8B8 /* Release */ = {
			isa = XCBuildConfiguration;
			buildSettings = {
				ASSETCATALOG_COMPILER_APPICON_NAME = AppIcon;
				INFOPLIST_FILE = tipcalculator/Info.plist;
				LD_RUNPATH_SEARCH_PATHS = "$(inherited) @executable_path/Frameworks";
				PRODUCT_NAME = "$(TARGET_NAME)";
			};
			name = Release;
		};
		B8949B9B1AC5F76B0005E8B8 /* Debug */ = {
			isa = XCBuildConfiguration;
			buildSettings = {
				BUNDLE_LOADER = "$(TEST_HOST)";
				FRAMEWORK_SEARCH_PATHS = (
					"$(SDKROOT)/Developer/Library/Frameworks",
					"$(inherited)",
				);
				GCC_PREPROCESSOR_DEFINITIONS = (
					"DEBUG=1",
					"$(inherited)",
				);
				INFOPLIST_FILE = tipcalculatorTests/Info.plist;
				LD_RUNPATH_SEARCH_PATHS = "$(inherited) @executable_path/Frameworks @loader_path/Frameworks";
				PRODUCT_NAME = "$(TARGET_NAME)";
				TEST_HOST = "$(BUILT_PRODUCTS_DIR)/tipcalculator.app/tipcalculator";
			};
			name = Debug;
		};
		B8949B9C1AC5F76B0005E8B8 /* Release */ = {
			isa = XCBuildConfiguration;
			buildSettings = {
				BUNDLE_LOADER = "$(TEST_HOST)";
				FRAMEWORK_SEARCH_PATHS = (
					"$(SDKROOT)/Developer/Library/Frameworks",
					"$(inherited)",
				);
				INFOPLIST_FILE = tipcalculatorTests/Info.plist;
				LD_RUNPATH_SEARCH_PATHS = "$(inherited) @executable_path/Frameworks @loader_path/Frameworks";
				PRODUCT_NAME = "$(TARGET_NAME)";
				TEST_HOST = "$(BUILT_PRODUCTS_DIR)/tipcalculator.app/tipcalculator";
			};
			name = Release;
		};
/* End XCBuildConfiguration section */

/* Begin XCConfigurationList section */
		B8949B6C1AC5F76B0005E8B8 /* Build configuration list for PBXProject "tipcalculator" */ = {
			isa = XCConfigurationList;
			buildConfigurations = (
				B8949B951AC5F76B0005E8B8 /* Debug */,
				B8949B961AC5F76B0005E8B8 /* Release */,
			);
			defaultConfigurationIsVisible = 0;
			defaultConfigurationName = Release;
		};
		B8949B971AC5F76B0005E8B8 /* Build configuration list for PBXNativeTarget "tipcalculator" */ = {
			isa = XCConfigurationList;
			buildConfigurations = (
				B8949B981AC5F76B0005E8B8 /* Debug */,
				B8949B991AC5F76B0005E8B8 /* Release */,
			);
			defaultConfigurationIsVisible = 0;
		};
		B8949B9A1AC5F76B0005E8B8 /* Build configuration list for PBXNativeTarget "tipcalculatorTests" */ = {
			isa = XCConfigurationList;
			buildConfigurations = (
				B8949B9B1AC5F76B0005E8B8 /* Debug */,
				B8949B9C1AC5F76B0005E8B8 /* Release */,
			);
			defaultConfigurationIsVisible = 0;
		};
/* End XCConfigurationList section */

/* Begin XCVersionGroup section */
		B8949B7B1AC5F76B0005E8B8 /* tipcalculator.xcdatamodeld */ = {
			isa = XCVersionGroup;
			children = (
				B8949B7C1AC5F76B0005E8B8 /* tipcalculator.xcdatamodel */,
			);
			currentVersion = B8949B7C1AC5F76B0005E8B8 /* tipcalculator.xcdatamodel */;
			path = tipcalculator.xcdatamodeld;
			sourceTree = "<group>";
			versionGroupType = wrapper.xcdatamodel;
		};
/* End XCVersionGroup section */
	};
	rootObject = B8949B691AC5F76B0005E8B8 /* Project object */;
}
